
Microsoft Visual Studio Solution File, Format Version 12.00
# Visual Studio Version 17
VisualStudioVersion = 17.12.35506.116 d17.12
MinimumVisualStudioVersion = 10.0.40219.1
Project("{FAE04EC0-301F-11D3-BF4B-00C04F79EFBC}") = "AdhanTimingsMAUI", "AdhanTimingsMAUI\AdhanTimingsMAUI.csproj", "{24346381-CDC7-4B14-A2B6-C630737F8C14}"
EndProject
Project("{FAE04EC0-301F-11D3-BF4B-00C04F79EFBC}") = "Adhan", "Adhan\Adhan.csproj", "{F4A231FB-C0A9-422C-B780-8D01817BC325}"
EndProject
Global
	GlobalSection(SolutionConfigurationPlatforms) = preSolution
		Debug|Any CPU = Debug|Any CPU
		Release|Any CPU = Release|Any CPU
	EndGlobalSection
	GlobalSection(ProjectConfigurationPlatforms) = postSolution
		{24346381-CDC7-4B14-A2B6-C630737F8C14}.Debug|Any CPU.ActiveCfg = Debug|Any CPU
		{24346381-CDC7-4B14-A2B6-C630737F8C14}.Debug|Any CPU.Build.0 = Debug|Any CPU
		{24346381-CDC7-4B14-A2B6-C630737F8C14}.Release|Any CPU.ActiveCfg = Release|Any CPU
		{24346381-CDC7-4B14-A2B6-C630737F8C14}.Release|Any CPU.Build.0 = Release|Any CPU
		{F4A231FB-C0A9-422C-B780-8D01817BC325}.Debug|Any CPU.ActiveCfg = Debug|Any CPU
		{F4A231FB-C0A9-422C-B780-8D01817BC325}.Debug|Any CPU.Build.0 = Debug|Any CPU
		{F4A231FB-C0A9-422C-B780-8D01817BC325}.Release|Any CPU.ActiveCfg = Release|Any CPU
		{F4A231FB-C0A9-422C-B780-8D01817BC325}.Release|Any CPU.Build.0 = Release|Any CPU
	EndGlobalSection
	GlobalSection(SolutionProperties) = preSolution
		HideSolutionNode = FALSE
	EndGlobalSection
EndGlobal
